
Microsoft Visual Studio Solution File, Format Version 12.00
# Visual Studio Version 16
VisualStudioVersion = 16.0.28803.452
MinimumVisualStudioVersion = 10.0.40219.1
Project("{FAE04EC0-301F-11D3-BF4B-00C04F79EFBC}") = "assistente_social", "assistente_social\assistente_social.csproj", "{4643A716-2A02-4CF4-BB72-C240747ECC9B}"
EndProject
Global
	GlobalSection(SolutionConfigurationPlatforms) = preSolution
		Debug|Any CPU = Debug|Any CPU
		Release|Any CPU = Release|Any CPU
	EndGlobalSection
	GlobalSection(ProjectConfigurationPlatforms) = postSolution
		{4643A716-2A02-4CF4-BB72-C240747ECC9B}.Debug|Any CPU.ActiveCfg = Debug|Any CPU
		{4643A716-2A02-4CF4-BB72-C240747ECC9B}.Debug|Any CPU.Build.0 = Debug|Any CPU
		{4643A716-2A02-4CF4-BB72-C240747ECC9B}.Release|Any CPU.ActiveCfg = Release|Any CPU
		{4643A716-2A02-4CF4-BB72-C240747ECC9B}.Release|Any CPU.Build.0 = Release|Any CPU
	EndGlobalSection
	GlobalSection(SolutionProperties) = preSolution
		HideSolutionNode = FALSE
	EndGlobalSection
	GlobalSection(ExtensibilityGlobals) = postSolution
		SolutionGuid = {A34660B7-1B5E-4836-863D-85A1E4662951}
	EndGlobalSection
EndGlobal
