
Microsoft Visual Studio Solution File, Format Version 12.00
# Visual Studio 15
VisualStudioVersion = 15.0.28307.645
MinimumVisualStudioVersion = 10.0.40219.1
Project("{FAE04EC0-301F-11D3-BF4B-00C04F79EFBC}") = "WpfApp1", "WpfApp1\WpfApp1.csproj", "{68C4E3D9-080A-4EFF-993E-A0028E1B2860}"
EndProject
Project("{FAE04EC0-301F-11D3-BF4B-00C04F79EFBC}") = "ClassesControle", "ClassesControle\ClassesControle.csproj", "{CA4436E5-8152-40E6-BA62-EAAF11EAF718}"
EndProject
Project("{FAE04EC0-301F-11D3-BF4B-00C04F79EFBC}") = "ClassesModel", "ClassesModel\ClassesModel.csproj", "{7907A5D5-F814-4129-A0F5-7FA4CB93AAE2}"
EndProject
Global
	GlobalSection(SolutionConfigurationPlatforms) = preSolution
		Debug|Any CPU = Debug|Any CPU
		Release|Any CPU = Release|Any CPU
	EndGlobalSection
	GlobalSection(ProjectConfigurationPlatforms) = postSolution
		{68C4E3D9-080A-4EFF-993E-A0028E1B2860}.Debug|Any CPU.ActiveCfg = Debug|Any CPU
		{68C4E3D9-080A-4EFF-993E-A0028E1B2860}.Debug|Any CPU.Build.0 = Debug|Any CPU
		{68C4E3D9-080A-4EFF-993E-A0028E1B2860}.Release|Any CPU.ActiveCfg = Release|Any CPU
		{68C4E3D9-080A-4EFF-993E-A0028E1B2860}.Release|Any CPU.Build.0 = Release|Any CPU
		{CA4436E5-8152-40E6-BA62-EAAF11EAF718}.Debug|Any CPU.ActiveCfg = Debug|Any CPU
		{CA4436E5-8152-40E6-BA62-EAAF11EAF718}.Debug|Any CPU.Build.0 = Debug|Any CPU
		{CA4436E5-8152-40E6-BA62-EAAF11EAF718}.Release|Any CPU.ActiveCfg = Release|Any CPU
		{CA4436E5-8152-40E6-BA62-EAAF11EAF718}.Release|Any CPU.Build.0 = Release|Any CPU
		{7907A5D5-F814-4129-A0F5-7FA4CB93AAE2}.Debug|Any CPU.ActiveCfg = Debug|Any CPU
		{7907A5D5-F814-4129-A0F5-7FA4CB93AAE2}.Debug|Any CPU.Build.0 = Debug|Any CPU
		{7907A5D5-F814-4129-A0F5-7FA4CB93AAE2}.Release|Any CPU.ActiveCfg = Release|Any CPU
		{7907A5D5-F814-4129-A0F5-7FA4CB93AAE2}.Release|Any CPU.Build.0 = Release|Any CPU
	EndGlobalSection
	GlobalSection(SolutionProperties) = preSolution
		HideSolutionNode = FALSE
	EndGlobalSection
	GlobalSection(ExtensibilityGlobals) = postSolution
		SolutionGuid = {2D7B8D38-8C4E-446A-A257-1A97CDBF9754}
	EndGlobalSection
EndGlobal
